schema: '2.0'
stages:
  raw_dataset_creation:
    cmd: python src/data/load_data.py --config=params.yaml
    deps:
    - path: data/external/train.csv
      md5: 7044aa2806df73f0801fc7c79be5510a
      size: 58027
    - path: src/data/load_data.py
      md5: 1de1b5780f0f897223d87024bae9c1fa
      size: 1392
    outs:
    - path: data/raw/train.csv
      md5: 0b1ed2945a01ef588a9a241fe0d4e2c9
      size: 49762
  split_data:
    cmd: python src/data/split_data.py --config=params.yaml
    deps:
    - path: data/raw/train.csv
      md5: 0b1ed2945a01ef588a9a241fe0d4e2c9
      size: 49762
    - path: src/data/split_data.py
      md5: c143a95ea697d55e3718f4fe9bdc4dfb
      size: 1354
    outs:
    - path: data/processed/zomato_test.csv
      md5: ca5dbf643ecc2f09257e1ea4502967ac
      size: 9898
    - path: data/processed/zomato_train.csv
      md5: ab9be66ea96a50e99900484df0c9b49e
      size: 39916
  log_production_model:
    cmd: python src/models/production_model_selection.py --config=params.yaml
    deps:
    - path: src/models/production_model_selection.py
      md5: 6d49061883427ce690ff89c59c2851ff
      size: 1726
    params:
      params.yaml:
        random_forest.max_depth: 12
        random_forest.n_estimators: 300
    outs:
    - path: models/model.joblib
      md5: 0c41c6b4bf510adf0b7c03b9fbb88122
      size: 80237
  model_train:
    cmd: python src/models/train_model.py --config=params.yaml
    deps:
    - path: data/processed/zomato_test.csv
      md5: c3a4965f71511e72d4af9ac650f47505
      size: 24209
    - path: data/processed/zomato_train.csv
      md5: 8358e3ab11f8301c58d3b0e5aa99a6fd
      size: 96317
    - path: src/models/train_model.py
      md5: 2923cddf7769edf96bb19055bb1693cc
      size: 3886
    params:
      params.yaml:
        random_forest.max_depth: 12
        random_forest.n_estimators: 300
